// !$*UTF8*$!
{
	archiveVersion = 1;
	classes = {
	};
	objectVersion = 56;
	objects = {

/* Begin PBXBuildFile section */
		F644E099292E66FE00B82EBC /* Constants.swift in Sources */ = {isa = PBXBuildFile; fileRef = F644E098292E66FE00B82EBC /* Constants.swift */; };
		F644E09D292E722500B82EBC /* Extensions.swift in Sources */ = {isa = PBXBuildFile; fileRef = F644E09C292E722500B82EBC /* Extensions.swift */; };
		F644E09F292E79BA00B82EBC /* RecipeCell.swift in Sources */ = {isa = PBXBuildFile; fileRef = F644E09E292E79BA00B82EBC /* RecipeCell.swift */; };
		F644E0A3292FF81B00B82EBC /* DetailVC.swift in Sources */ = {isa = PBXBuildFile; fileRef = F644E0A2292FF81B00B82EBC /* DetailVC.swift */; };
		F695A4AE292D761C000E766C /* AppDelegate.swift in Sources */ = {isa = PBXBuildFile; fileRef = F695A4AD292D761C000E766C /* AppDelegate.swift */; };
		F695A4B0292D761C000E766C /* SceneDelegate.swift in Sources */ = {isa = PBXBuildFile; fileRef = F695A4AF292D761C000E766C /* SceneDelegate.swift */; };
		F695A4B7292D7620000E766C /* Assets.xcassets in Resources */ = {isa = PBXBuildFile; fileRef = F695A4B6292D7620000E766C /* Assets.xcassets */; };
		F695A4BA292D7620000E766C /* LaunchScreen.storyboard in Resources */ = {isa = PBXBuildFile; fileRef = F695A4B8292D7620000E766C /* LaunchScreen.storyboard */; };
		F695A4C7292D8AAE000E766C /* HomeVC.swift in Sources */ = {isa = PBXBuildFile; fileRef = F695A4C6292D8AAE000E766C /* HomeVC.swift */; };
		F695A4C9292D966B000E766C /* RecipeVC.swift in Sources */ = {isa = PBXBuildFile; fileRef = F695A4C8292D966B000E766C /* RecipeVC.swift */; };
		F695A4CD292DABF8000E766C /* DataService.swift in Sources */ = {isa = PBXBuildFile; fileRef = F695A4CC292DABF7000E766C /* DataService.swift */; };
		F695A4CF292DAE00000E766C /* RecipeID.swift in Sources */ = {isa = PBXBuildFile; fileRef = F695A4CE292DAE00000E766C /* RecipeID.swift */; };
		F695A4D1292DB54E000E766C /* Recipes.swift in Sources */ = {isa = PBXBuildFile; fileRef = F695A4D0292DB54E000E766C /* Recipes.swift */; };
/* End PBXBuildFile section */

/* Begin PBXFileReference section */
		F644E098292E66FE00B82EBC /* Constants.swift */ = {isa = PBXFileReference; lastKnownFileType = sourcecode.swift; path = Constants.swift; sourceTree = "<group>"; };
		F644E09C292E722500B82EBC /* Extensions.swift */ = {isa = PBXFileReference; lastKnownFileType = sourcecode.swift; path = Extensions.swift; sourceTree = "<group>"; };
		F644E09E292E79BA00B82EBC /* RecipeCell.swift */ = {isa = PBXFileReference; lastKnownFileType = sourcecode.swift; path = RecipeCell.swift; sourceTree = "<group>"; };
		F644E0A2292FF81B00B82EBC /* DetailVC.swift */ = {isa = PBXFileReference; lastKnownFileType = sourcecode.swift; path = DetailVC.swift; sourceTree = "<group>"; };
		F695A4AA292D761C000E766C /* DessertMenu.app */ = {isa = PBXFileReference; explicitFileType = wrapper.application; includeInIndex = 0; path = DessertMenu.app; sourceTree = BUILT_PRODUCTS_DIR; };
		F695A4AD292D761C000E766C /* AppDelegate.swift */ = {isa = PBXFileReference; lastKnownFileType = sourcecode.swift; path = AppDelegate.swift; sourceTree = "<group>"; };
		F695A4AF292D761C000E766C /* SceneDelegate.swift */ = {isa = PBXFileReference; lastKnownFileType = sourcecode.swift; path = SceneDelegate.swift; sourceTree = "<group>"; };
		F695A4B6292D7620000E766C /* Assets.xcassets */ = {isa = PBXFileReference; lastKnownFileType = folder.assetcatalog; path = Assets.xcassets; sourceTree = "<group>"; };
		F695A4B9292D7620000E766C /* Base */ = {isa = PBXFileReference; lastKnownFileType = file.storyboard; name = Base; path = Base.lproj/LaunchScreen.storyboard; sourceTree = "<group>"; };
		F695A4BB292D7620000E766C /* Info.plist */ = {isa = PBXFileReference; lastKnownFileType = text.plist.xml; path = Info.plist; sourceTree = "<group>"; };
		F695A4C6292D8AAE000E766C /* HomeVC.swift */ = {isa = PBXFileReference; lastKnownFileType = sourcecode.swift; path = HomeVC.swift; sourceTree = "<group>"; };
		F695A4C8292D966B000E766C /* RecipeVC.swift */ = {isa = PBXFileReference; lastKnownFileType = sourcecode.swift; path = RecipeVC.swift; sourceTree = "<group>"; };
		F695A4CC292DABF7000E766C /* DataService.swift */ = {isa = PBXFileReference; lastKnownFileType = sourcecode.swift; path = DataService.swift; sourceTree = "<group>"; };
		F695A4CE292DAE00000E766C /* RecipeID.swift */ = {isa = PBXFileReference; lastKnownFileType = sourcecode.swift; path = RecipeID.swift; sourceTree = "<group>"; };
		F695A4D0292DB54E000E766C /* Recipes.swift */ = {isa = PBXFileReference; lastKnownFileType = sourcecode.swift; path = Recipes.swift; sourceTree = "<group>"; };
/* End PBXFileReference section */

/* Begin PBXFrameworksBuildPhase section */
		F695A4A7292D761C000E766C /* Frameworks */ = {
			isa = PBXFrameworksBuildPhase;
			buildActionMask = 2147483647;
			files = (
			);
			runOnlyForDeploymentPostprocessing = 0;
		};
/* End PBXFrameworksBuildPhase section */

/* Begin PBXGroup section */
		F644E097292E66F100B82EBC /* Utils */ = {
			isa = PBXGroup;
			children = (
				F644E098292E66FE00B82EBC /* Constants.swift */,
				F644E09C292E722500B82EBC /* Extensions.swift */,
			);
			path = Utils;
			sourceTree = "<group>";
		};
		F695A4A1292D761C000E766C = {
			isa = PBXGroup;
			children = (
				F695A4AC292D761C000E766C /* DessertMenu */,
				F695A4AB292D761C000E766C /* Products */,
			);
			sourceTree = "<group>";
		};
		F695A4AB292D761C000E766C /* Products */ = {
			isa = PBXGroup;
			children = (
				F695A4AA292D761C000E766C /* DessertMenu.app */,
			);
			name = Products;
			sourceTree = "<group>";
		};
		F695A4AC292D761C000E766C /* DessertMenu */ = {
			isa = PBXGroup;
			children = (
				F695A4C1292D87E2000E766C /* Delegate */,
				F644E097292E66F100B82EBC /* Utils */,
				F695A4C5292D8A82000E766C /* Service */,
				F695A4C2292D87ED000E766C /* Model */,
				F695A4C3292D87F7000E766C /* View */,
				F695A4C4292D8802000E766C /* Controller */,
				F695A4B6292D7620000E766C /* Assets.xcassets */,
				F695A4B8292D7620000E766C /* LaunchScreen.storyboard */,
				F695A4BB292D7620000E766C /* Info.plist */,
			);
			path = DessertMenu;
			sourceTree = "<group>";
		};
		F695A4C1292D87E2000E766C /* Delegate */ = {
			isa = PBXGroup;
			children = (
				F695A4AD292D761C000E766C /* AppDelegate.swift */,
				F695A4AF292D761C000E766C /* SceneDelegate.swift */,
			);
			path = Delegate;
			sourceTree = "<group>";
		};
		F695A4C2292D87ED000E766C /* Model */ = {
			isa = PBXGroup;
			children = (
				F695A4CE292DAE00000E766C /* RecipeID.swift */,
				F695A4D0292DB54E000E766C /* Recipes.swift */,
			);
			path = Model;
			sourceTree = "<group>";
		};
		F695A4C3292D87F7000E766C /* View */ = {
			isa = PBXGroup;
			children = (
				F644E09E292E79BA00B82EBC /* RecipeCell.swift */,
			);
			path = View;
			sourceTree = "<group>";
		};
		F695A4C4292D8802000E766C /* Controller */ = {
			isa = PBXGroup;
			children = (
				F695A4C6292D8AAE000E766C /* HomeVC.swift */,
				F695A4C8292D966B000E766C /* RecipeVC.swift */,
				F644E0A2292FF81B00B82EBC /* DetailVC.swift */,
			);
			path = Controller;
			sourceTree = "<group>";
		};
		F695A4C5292D8A82000E766C /* Service */ = {
			isa = PBXGroup;
			children = (
				F695A4CC292DABF7000E766C /* DataService.swift */,
			);
			path = Service;
			sourceTree = "<group>";
		};
/* End PBXGroup section */

/* Begin PBXNativeTarget section */
		F695A4A9292D761C000E766C /* DessertMenu */ = {
			isa = PBXNativeTarget;
			buildConfigurationList = F695A4BE292D7620000E766C /* Build configuration list for PBXNativeTarget "DessertMenu" */;
			buildPhases = (
				F695A4A6292D761C000E766C /* Sources */,
				F695A4A7292D761C000E766C /* Frameworks */,
				F695A4A8292D761C000E766C /* Resources */,
			);
			buildRules = (
			);
			dependencies = (
			);
			name = DessertMenu;
			productName = DessertMenu;
			productReference = F695A4AA292D761C000E766C /* DessertMenu.app */;
			productType = "com.apple.product-type.application";
		};
/* End PBXNativeTarget section */

/* Begin PBXProject section */
		F695A4A2292D761C000E766C /* Project object */ = {
			isa = PBXProject;
			attributes = {
				BuildIndependentTargetsInParallel = 1;
				LastSwiftUpdateCheck = 1400;
				LastUpgradeCheck = 1400;
				TargetAttributes = {
					F695A4A9292D761C000E766C = {
						CreatedOnToolsVersion = 14.0.1;
					};
				};
			};
			buildConfigurationList = F695A4A5292D761C000E766C /* Build configuration list for PBXProject "DessertMenu" */;
			compatibilityVersion = "Xcode 14.0";
			developmentRegion = en;
			hasScannedForEncodings = 0;
			knownRegions = (
				en,
				Base,
			);
			mainGroup = F695A4A1292D761C000E766C;
			productRefGroup = F695A4AB292D761C000E766C /* Products */;
			projectDirPath = "";
			projectRoot = "";
			targets = (
				F695A4A9292D761C000E766C /* DessertMenu */,
			);
		};
/* End PBXProject section */

/* Begin PBXResourcesBuildPhase section */
		F695A4A8292D761C000E766C /* Resources */ = {
			isa = PBXResourcesBuildPhase;
			buildActionMask = 2147483647;
			files = (
				F695A4BA292D7620000E766C /* LaunchScreen.storyboard in Resources */,
				F695A4B7292D7620000E766C /* Assets.xcassets in Resources */,
			);
			runOnlyForDeploymentPostprocessing = 0;
		};
/* End PBXResourcesBuildPhase section */

/* Begin PBXSourcesBuildPhase section */
		F695A4A6292D761C000E766C /* Sources */ = {
			isa = PBXSourcesBuildPhase;
			buildActionMask = 2147483647;
			files = (
				F695A4C7292D8AAE000E766C /* HomeVC.swift in Sources */,
				F695A4AE292D761C000E766C /* AppDelegate.swift in Sources */,
				F644E0A3292FF81B00B82EBC /* DetailVC.swift in Sources */,
				F695A4D1292DB54E000E766C /* Recipes.swift in Sources */,
				F695A4C9292D966B000E766C /* RecipeVC.swift in Sources */,
				F644E09D292E722500B82EBC /* Extensions.swift in Sources */,
				F644E09F292E79BA00B82EBC /* RecipeCell.swift in Sources */,
				F695A4CF292DAE00000E766C /* RecipeID.swift in Sources */,
				F695A4B0292D761C000E766C /* SceneDelegate.swift in Sources */,
				F695A4CD292DABF8000E766C /* DataService.swift in Sources */,
				F644E099292E66FE00B82EBC /* Constants.swift in Sources */,
			);
			runOnlyForDeploymentPostprocessing = 0;
		};
/* End PBXSourcesBuildPhase section */

/* Begin PBXVariantGroup section */
		F695A4B8292D7620000E766C /* LaunchScreen.storyboard */ = {
			isa = PBXVariantGroup;
			children = (
				F695A4B9292D7620000E766C /* Base */,
			);
			name = LaunchScreen.storyboard;
			sourceTree = "<group>";
		};
/* End PBXVariantGroup section */

/* Begin XCBuildConfiguration section */
		F695A4BC292D7620000E766C /* Debug */ = {
			isa = XCBuildConfiguration;
			buildSettings = {
				ALWAYS_SEARCH_USER_PATHS = NO;
				CLANG_ANALYZER_NONNULL = YES;
				CLANG_ANALYZER_NUMBER_OBJECT_CONVERSION = YES_AGGRESSIVE;
				CLANG_CXX_LANGUAGE_STANDARD = "gnu++20";
				CLANG_ENABLE_MODULES = YES;
				CLANG_ENABLE_OBJC_ARC = YES;
				CLANG_ENABLE_OBJC_WEAK = YES;
				CLANG_WARN_BLOCK_CAPTURE_AUTORELEASING = YES;
				CLANG_WARN_BOOL_CONVERSION = YES;
				CLANG_WARN_COMMA = YES;
				CLANG_WARN_CONSTANT_CONVERSION = YES;
				CLANG_WARN_DEPRECATED_OBJC_IMPLEMENTATIONS = YES;
				CLANG_WARN_DIRECT_OBJC_ISA_USAGE = YES_ERROR;
				CLANG_WARN_DOCUMENTATION_COMMENTS = YES;
				CLANG_WARN_EMPTY_BODY = YES;
				CLANG_WARN_ENUM_CONVERSION = YES;
				CLANG_WARN_INFINITE_RECURSION = YES;
				CLANG_WARN_INT_CONVERSION = YES;
				CLANG_WARN_NON_LITERAL_NULL_CONVERSION = YES;
				CLANG_WARN_OBJC_IMPLICIT_RETAIN_SELF = YES;
				CLANG_WARN_OBJC_LITERAL_CONVERSION = YES;
				CLANG_WARN_OBJC_ROOT_CLASS = YES_ERROR;
				CLANG_WARN_QUOTED_INCLUDE_IN_FRAMEWORK_HEADER = YES;
				CLANG_WARN_RANGE_LOOP_ANALYSIS = YES;
				CLANG_WARN_STRICT_PROTOTYPES = YES;
				CLANG_WARN_SUSPICIOUS_MOVE = YES;
				CLANG_WARN_UNGUARDED_AVAILABILITY = YES_AGGRESSIVE;
				CLANG_WARN_UNREACHABLE_CODE = YES;
				CLANG_WARN__DUPLICATE_METHOD_MATCH = YES;
				COPY_PHASE_STRIP = NO;
				DEBUG_INFORMATION_FORMAT = dwarf;
				ENABLE_STRICT_OBJC_MSGSEND = YES;
				ENABLE_TESTABILITY = YES;
				GCC_C_LANGUAGE_STANDARD = gnu11;
				GCC_DYNAMIC_NO_PIC = NO;
				GCC_NO_COMMON_BLOCKS = YES;
				GCC_OPTIMIZATION_LEVEL = 0;
				GCC_PREPROCESSOR_DEFINITIONS = (
					"DEBUG=1",
					"$(inherited)",
				);
				GCC_WARN_64_TO_32_BIT_CONVERSION = YES;
				GCC_WARN_ABOUT_RETURN_TYPE = YES_ERROR;
				GCC_WARN_UNDECLARED_SELECTOR = YES;
				GCC_WARN_UNINITIALIZED_AUTOS = YES_AGGRESSIVE;
				GCC_WARN_UNUSED_FUNCTION = YES;
				GCC_WARN_UNUSED_VARIABLE = YES;
				IPHONEOS_DEPLOYMENT_TARGET = 16.0;
				MTL_ENABLE_DEBUG_INFO = INCLUDE_SOURCE;
				MTL_FAST_MATH = YES;
				ONLY_ACTIVE_ARCH = YES;
				SDKROOT = iphoneos;
				SWIFT_ACTIVE_COMPILATION_CONDITIONS = DEBUG;
				SWIFT_OPTIMIZATION_LEVEL = "-Onone";
			};
			name = Debug;
		};
		F695A4BD292D7620000E766C /* Release */ = {
			isa = XCBuildConfiguration;
			buildSettings = {
				ALWAYS_SEARCH_USER_PATHS = NO;
				CLANG_ANALYZER_NONNULL = YES;
				CLANG_ANALYZER_NUMBER_OBJECT_CONVERSION = YES_AGGRESSIVE;
				CLANG_CXX_LANGUAGE_STANDARD = "gnu++20";
				CLANG_ENABLE_MODULES = YES;
				CLANG_ENABLE_OBJC_ARC = YES;
				CLANG_ENABLE_OBJC_WEAK = YES;
				CLANG_WARN_BLOCK_CAPTURE_AUTORELEASING = YES;
				CLANG_WARN_BOOL_CONVERSION = YES;
				CLANG_WARN_COMMA = YES;
				CLANG_WARN_CONSTANT_CONVERSION = YES;
				CLANG_WARN_DEPRECATED_OBJC_IMPLEMENTATIONS = YES;
				CLANG_WARN_DIRECT_OBJC_ISA_USAGE = YES_ERROR;
				CLANG_WARN_DOCUMENTATION_COMMENTS = YES;
				CLANG_WARN_EMPTY_BODY = YES;
				CLANG_WARN_ENUM_CONVERSION = YES;
				CLANG_WARN_INFINITE_RECURSION = YES;
				CLANG_WARN_INT_CONVERSION = YES;
				CLANG_WARN_NON_LITERAL_NULL_CONVERSION = YES;
				CLANG_WARN_OBJC_IMPLICIT_RETAIN_SELF = YES;
				CLANG_WARN_OBJC_LITERAL_CONVERSION = YES;
				CLANG_WARN_OBJC_ROOT_CLASS = YES_ERROR;
				CLANG_WARN_QUOTED_INCLUDE_IN_FRAMEWORK_HEADER = YES;
				CLANG_WARN_RANGE_LOOP_ANALYSIS = YES;
				CLANG_WARN_STRICT_PROTOTYPES = YES;
				CLANG_WARN_SUSPICIOUS_MOVE = YES;
				CLANG_WARN_UNGUARDED_AVAILABILITY = YES_AGGRESSIVE;
				CLANG_WARN_UNREACHABLE_CODE = YES;
				CLANG_WARN__DUPLICATE_METHOD_MATCH = YES;
				COPY_PHASE_STRIP = NO;
				DEBUG_INFORMATION_FORMAT = "dwarf-with-dsym";
				ENABLE_NS_ASSERTIONS = NO;
				ENABLE_STRICT_OBJC_MSGSEND = YES;
				GCC_C_LANGUAGE_STANDARD = gnu11;
				GCC_NO_COMMON_BLOCKS = YES;
				GCC_WARN_64_TO_32_BIT_CONVERSION = YES;
				GCC_WARN_ABOUT_RETURN_TYPE = YES_ERROR;
				GCC_WARN_UNDECLARED_SELECTOR = YES;
				GCC_WARN_UNINITIALIZED_AUTOS = YES_AGGRESSIVE;
				GCC_WARN_UNUSED_FUNCTION = YES;
				GCC_WARN_UNUSED_VARIABLE = YES;
				IPHONEOS_DEPLOYMENT_TARGET = 16.0;
				MTL_ENABLE_DEBUG_INFO = NO;
				MTL_FAST_MATH = YES;
				SDKROOT = iphoneos;
				SWIFT_COMPILATION_MODE = wholemodule;
				SWIFT_OPTIMIZATION_LEVEL = "-O";
				VALIDATE_PRODUCT = YES;
			};
			name = Release;
		};
		F695A4BF292D7620000E766C /* Debug */ = {
			isa = XCBuildConfiguration;
			buildSettings = {
				ASSETCATALOG_COMPILER_APPICON_NAME = AppIcon;
				ASSETCATALOG_COMPILER_GLOBAL_ACCENT_COLOR_NAME = AccentColor;
				CODE_SIGN_STYLE = Automatic;
				CURRENT_PROJECT_VERSION = 1;
				DEVELOPMENT_TEAM = YKD89M9QN9;
				GENERATE_INFOPLIST_FILE = YES;
				INFOPLIST_FILE = DessertMenu/Info.plist;
				INFOPLIST_KEY_UIApplicationSupportsIndirectInputEvents = YES;
				INFOPLIST_KEY_UILaunchStoryboardName = LaunchScreen;
				INFOPLIST_KEY_UISupportedInterfaceOrientations_iPad = "UIInterfaceOrientationPortrait UIInterfaceOrientationPortraitUpsideDown UIInterfaceOrientationLandscapeLeft UIInterfaceOrientationLandscapeRight";
				INFOPLIST_KEY_UISupportedInterfaceOrientations_iPhone = "UIInterfaceOrientationPortrait UIInterfaceOrientationLandscapeLeft UIInterfaceOrientationLandscapeRight";
				LD_RUNPATH_SEARCH_PATHS = (
					"$(inherited)",
					"@executable_path/Frameworks",
				);
				MARKETING_VERSION = 1.0;
				PRODUCT_BUNDLE_IDENTIFIER = BroadwaterDevs.DessertMenu;
				PRODUCT_NAME = "$(TARGET_NAME)";
				SWIFT_EMIT_LOC_STRINGS = YES;
				SWIFT_VERSION = 5.0;
				TARGETED_DEVICE_FAMILY = "1,2";
			};
			name = Debug;
		};
		F695A4C0292D7620000E766C /* Release */ = {
			isa = XCBuildConfiguration;
			buildSettings = {
				ASSETCATALOG_COMPILER_APPICON_NAME = AppIcon;
				ASSETCATALOG_COMPILER_GLOBAL_ACCENT_COLOR_NAME = AccentColor;
				CODE_SIGN_STYLE = Automatic;
				CURRENT_PROJECT_VERSION = 1;
				DEVELOPMENT_TEAM = YKD89M9QN9;
				GENERATE_INFOPLIST_FILE = YES;
				INFOPLIST_FILE = DessertMenu/Info.plist;
				INFOPLIST_KEY_UIApplicationSupportsIndirectInputEvents = YES;
				INFOPLIST_KEY_UILaunchStoryboardName = LaunchScreen;
				INFOPLIST_KEY_UISupportedInterfaceOrientations_iPad = "UIInterfaceOrientationPortrait UIInterfaceOrientationPortraitUpsideDown UIInterfaceOrientationLandscapeLeft UIInterfaceOrientationLandscapeRight";
				INFOPLIST_KEY_UISupportedInterfaceOrientations_iPhone = "UIInterfaceOrientationPortrait UIInterfaceOrientationLandscapeLeft UIInterfaceOrientationLandscapeRight";
				LD_RUNPATH_SEARCH_PATHS = (
					"$(inherited)",
					"@executable_path/Frameworks",
				);
				MARKETING_VERSION = 1.0;
				PRODUCT_BUNDLE_IDENTIFIER = BroadwaterDevs.DessertMenu;
				PRODUCT_NAME = "$(TARGET_NAME)";
				SWIFT_EMIT_LOC_STRINGS = YES;
				SWIFT_VERSION = 5.0;
				TARGETED_DEVICE_FAMILY = "1,2";
			};
			name = Release;
		};
/* End XCBuildConfiguration section */

/* Begin XCConfigurationList section */
		F695A4A5292D761C000E766C /* Build configuration list for PBXProject "DessertMenu" */ = {
			isa = XCConfigurationList;
			buildConfigurations = (
				F695A4BC292D7620000E766C /* Debug */,
				F695A4BD292D7620000E766C /* Release */,
			);
			defaultConfigurationIsVisible = 0;
			defaultConfigurationName = Release;
		};
		F695A4BE292D7620000E766C /* Build configuration list for PBXNativeTarget "DessertMenu" */ = {
			isa = XCConfigurationList;
			buildConfigurations = (
				F695A4BF292D7620000E766C /* Debug */,
				F695A4C0292D7620000E766C /* Release */,
			);
			defaultConfigurationIsVisible = 0;
			defaultConfigurationName = Release;
		};
/* End XCConfigurationList section */
	};
	rootObject = F695A4A2292D761C000E766C /* Project object */;
}
